
Microsoft Visual Studio Solution File, Format Version 12.00
# Visual Studio Version 17
VisualStudioVersion = 17.4.33213.308
MinimumVisualStudioVersion = 10.0.40219.1
Project("{9A19103F-16F7-4668-BE54-9A1E7A4F7556}") = "DDDCleanArch.Application", "DDDCleanArch.Application\DDDCleanArch.Application.csproj", "{6971F8B0-3035-481A-9F4D-6635AE3A1772}"
EndProject
Project("{9A19103F-16F7-4668-BE54-9A1E7A4F7556}") = "DDDCleanArch.Domain", "DDDCleanArch.Domain\DDDCleanArch.Domain.csproj", "{A17C800D-457C-48EB-8139-E1C04C30E079}"
EndProject
Project("{9A19103F-16F7-4668-BE54-9A1E7A4F7556}") = "DDDCleanArch.Infrastructure", "DDDCleanArch.Infrastructure\DDDCleanArch.Infrastructure.csproj", "{A1F7D75A-0E2E-4804-A1B9-BE38C107326D}"
EndProject
Project("{FAE04EC0-301F-11D3-BF4B-00C04F79EFBC}") = "DDDCleanArch.Web", "DDDCleanArch.Web\DDDCleanArch.Web.csproj", "{ECC9A5D0-FB9B-44FE-9237-F63705F444D9}"
EndProject
Global
	GlobalSection(SolutionConfigurationPlatforms) = preSolution
		Debug|Any CPU = Debug|Any CPU
		Release|Any CPU = Release|Any CPU
	EndGlobalSection
	GlobalSection(ProjectConfigurationPlatforms) = postSolution
		{6971F8B0-3035-481A-9F4D-6635AE3A1772}.Debug|Any CPU.ActiveCfg = Debug|Any CPU
		{6971F8B0-3035-481A-9F4D-6635AE3A1772}.Debug|Any CPU.Build.0 = Debug|Any CPU
		{6971F8B0-3035-481A-9F4D-6635AE3A1772}.Release|Any CPU.ActiveCfg = Release|Any CPU
		{6971F8B0-3035-481A-9F4D-6635AE3A1772}.Release|Any CPU.Build.0 = Release|Any CPU
		{A17C800D-457C-48EB-8139-E1C04C30E079}.Debug|Any CPU.ActiveCfg = Debug|Any CPU
		{A17C800D-457C-48EB-8139-E1C04C30E079}.Debug|Any CPU.Build.0 = Debug|Any CPU
		{A17C800D-457C-48EB-8139-E1C04C30E079}.Release|Any CPU.ActiveCfg = Release|Any CPU
		{A17C800D-457C-48EB-8139-E1C04C30E079}.Release|Any CPU.Build.0 = Release|Any CPU
		{A1F7D75A-0E2E-4804-A1B9-BE38C107326D}.Debug|Any CPU.ActiveCfg = Debug|Any CPU
		{A1F7D75A-0E2E-4804-A1B9-BE38C107326D}.Debug|Any CPU.Build.0 = Debug|Any CPU
		{A1F7D75A-0E2E-4804-A1B9-BE38C107326D}.Release|Any CPU.ActiveCfg = Release|Any CPU
		{A1F7D75A-0E2E-4804-A1B9-BE38C107326D}.Release|Any CPU.Build.0 = Release|Any CPU
		{ECC9A5D0-FB9B-44FE-9237-F63705F444D9}.Debug|Any CPU.ActiveCfg = Debug|Any CPU
		{ECC9A5D0-FB9B-44FE-9237-F63705F444D9}.Debug|Any CPU.Build.0 = Debug|Any CPU
		{ECC9A5D0-FB9B-44FE-9237-F63705F444D9}.Release|Any CPU.ActiveCfg = Release|Any CPU
		{ECC9A5D0-FB9B-44FE-9237-F63705F444D9}.Release|Any CPU.Build.0 = Release|Any CPU
	EndGlobalSection
	GlobalSection(SolutionProperties) = preSolution
		HideSolutionNode = FALSE
	EndGlobalSection
	GlobalSection(ExtensibilityGlobals) = postSolution
		SolutionGuid = {793D12E6-CC40-4CE4-8C78-B1D5EE209EE5}
	EndGlobalSection
EndGlobal
